
Microsoft Visual Studio Solution File, Format Version 12.00
# Visual Studio 2012
Project("{FAE04EC0-301F-11D3-BF4B-00C04F79EFBC}") = "BinaryGap", "BinaryGap\BinaryGap.csproj", "{0FDADF58-0526-41E1-A5BB-68458BC6EDEF}"
EndProject
Project("{FAE04EC0-301F-11D3-BF4B-00C04F79EFBC}") = "CyclicRotation", "CyclicRotation\CyclicRotation.csproj", "{A407CFDB-A139-4EDE-A5AD-864832DD7E91}"
EndProject
Project("{FAE04EC0-301F-11D3-BF4B-00C04F79EFBC}") = "OddOccurrencesInArray", "OddOccurrencesInArray\OddOccurrencesInArray.csproj", "{68EFA70C-C97F-44CA-9E1C-C0C40E1356BC}"
EndProject
Project("{FAE04EC0-301F-11D3-BF4B-00C04F79EFBC}") = "FrogJmp", "FrogJmp\FrogJmp.csproj", "{EBD2CE0B-A9FA-459E-AF70-469359BE41CD}"
EndProject
Project("{FAE04EC0-301F-11D3-BF4B-00C04F79EFBC}") = "PermMissingElem", "PermMissingElem\PermMissingElem.csproj", "{F0EA59B8-8F4B-455B-BA8E-8C81561BBC6D}"
EndProject
Project("{FAE04EC0-301F-11D3-BF4B-00C04F79EFBC}") = "TapeEquilibrium", "TapeEquilibrium\TapeEquilibrium.csproj", "{4B29E491-385A-4146-B067-833635044879}"
EndProject
Project("{FAE04EC0-301F-11D3-BF4B-00C04F79EFBC}") = "PermCheck", "PermCheck\PermCheck.csproj", "{1F3B90C1-71E5-4643-AA9F-5620988C1908}"
EndProject
Project("{FAE04EC0-301F-11D3-BF4B-00C04F79EFBC}") = "FrogRiverOne", "FrogRiverOne\FrogRiverOne.csproj", "{54BFF46A-F103-4710-8167-D45B5FB21ED5}"
EndProject
Project("{FAE04EC0-301F-11D3-BF4B-00C04F79EFBC}") = "MissingInteger", "MissingInteger\MissingInteger.csproj", "{3A514F72-C50E-4ABC-9A22-B598AA2EFD1E}"
EndProject
Project("{FAE04EC0-301F-11D3-BF4B-00C04F79EFBC}") = "CountDiv", "CountDiv\CountDiv.csproj", "{930260A6-53D5-47B6-89B1-4466651BC48E}"
EndProject
Project("{FAE04EC0-301F-11D3-BF4B-00C04F79EFBC}") = "PassingCars", "PassingCars\PassingCars.csproj", "{F0864F7F-EBE8-46DF-B53D-24B3E31CA9A4}"
EndProject
Project("{FAE04EC0-301F-11D3-BF4B-00C04F79EFBC}") = "Distinct", "Distinct\Distinct.csproj", "{FF722EBB-42A8-425E-ACB7-C8B4883078E3}"
EndProject
Project("{FAE04EC0-301F-11D3-BF4B-00C04F79EFBC}") = "Triangle", "Triangle\Triangle.csproj", "{44CD86CF-CE87-436A-A0C0-11829D7585C1}"
EndProject
Project("{FAE04EC0-301F-11D3-BF4B-00C04F79EFBC}") = "MaxProductOfThree", "MaxProductOfThree\MaxProductOfThree.csproj", "{7CA75AFD-9C39-42BE-AAE3-6678D3138581}"
EndProject
Project("{FAE04EC0-301F-11D3-BF4B-00C04F79EFBC}") = "Brackets", "Brackets\Brackets.csproj", "{872B8716-9995-4545-B575-F81717E2A1B9}"
EndProject
Project("{FAE04EC0-301F-11D3-BF4B-00C04F79EFBC}") = "Fish", "Fish\Fish.csproj", "{33CD17C1-7443-4828-8038-C273FC7FEA9D}"
EndProject
Project("{FAE04EC0-301F-11D3-BF4B-00C04F79EFBC}") = "Nesting", "Nesting\Nesting.csproj", "{A3A80079-FB2E-476D-BBCC-61DE62D5EABA}"
EndProject
Project("{FAE04EC0-301F-11D3-BF4B-00C04F79EFBC}") = "Dominator", "Dominator\Dominator.csproj", "{825C7748-7F95-4474-B2E8-3AF065C0FD7F}"
EndProject
Project("{FAE04EC0-301F-11D3-BF4B-00C04F79EFBC}") = "MaxSliceSum", "MaxSliceSum\MaxSliceSum.csproj", "{DC4F7B4B-4D40-4D53-B94E-6A7AA9194D04}"
EndProject
Project("{FAE04EC0-301F-11D3-BF4B-00C04F79EFBC}") = "MaxProfit", "MaxProfit\MaxProfit.csproj", "{F8FCBB0C-6F96-4FB9-89B7-30DD35448981}"
EndProject
Global
	GlobalSection(SolutionConfigurationPlatforms) = preSolution
		Debug|x86 = Debug|x86
		Release|x86 = Release|x86
	EndGlobalSection
	GlobalSection(ProjectConfigurationPlatforms) = postSolution
		{0FDADF58-0526-41E1-A5BB-68458BC6EDEF}.Debug|x86.ActiveCfg = Debug|x86
		{0FDADF58-0526-41E1-A5BB-68458BC6EDEF}.Debug|x86.Build.0 = Debug|x86
		{0FDADF58-0526-41E1-A5BB-68458BC6EDEF}.Release|x86.ActiveCfg = Release|x86
		{0FDADF58-0526-41E1-A5BB-68458BC6EDEF}.Release|x86.Build.0 = Release|x86
		{A407CFDB-A139-4EDE-A5AD-864832DD7E91}.Debug|x86.ActiveCfg = Debug|x86
		{A407CFDB-A139-4EDE-A5AD-864832DD7E91}.Debug|x86.Build.0 = Debug|x86
		{A407CFDB-A139-4EDE-A5AD-864832DD7E91}.Release|x86.ActiveCfg = Release|x86
		{A407CFDB-A139-4EDE-A5AD-864832DD7E91}.Release|x86.Build.0 = Release|x86
		{68EFA70C-C97F-44CA-9E1C-C0C40E1356BC}.Debug|x86.ActiveCfg = Debug|x86
		{68EFA70C-C97F-44CA-9E1C-C0C40E1356BC}.Debug|x86.Build.0 = Debug|x86
		{68EFA70C-C97F-44CA-9E1C-C0C40E1356BC}.Release|x86.ActiveCfg = Release|x86
		{68EFA70C-C97F-44CA-9E1C-C0C40E1356BC}.Release|x86.Build.0 = Release|x86
		{EBD2CE0B-A9FA-459E-AF70-469359BE41CD}.Debug|x86.ActiveCfg = Debug|x86
		{EBD2CE0B-A9FA-459E-AF70-469359BE41CD}.Debug|x86.Build.0 = Debug|x86
		{EBD2CE0B-A9FA-459E-AF70-469359BE41CD}.Release|x86.ActiveCfg = Release|x86
		{EBD2CE0B-A9FA-459E-AF70-469359BE41CD}.Release|x86.Build.0 = Release|x86
		{F0EA59B8-8F4B-455B-BA8E-8C81561BBC6D}.Debug|x86.ActiveCfg = Debug|x86
		{F0EA59B8-8F4B-455B-BA8E-8C81561BBC6D}.Debug|x86.Build.0 = Debug|x86
		{F0EA59B8-8F4B-455B-BA8E-8C81561BBC6D}.Release|x86.ActiveCfg = Release|x86
		{F0EA59B8-8F4B-455B-BA8E-8C81561BBC6D}.Release|x86.Build.0 = Release|x86
		{4B29E491-385A-4146-B067-833635044879}.Debug|x86.ActiveCfg = Debug|x86
		{4B29E491-385A-4146-B067-833635044879}.Debug|x86.Build.0 = Debug|x86
		{4B29E491-385A-4146-B067-833635044879}.Release|x86.ActiveCfg = Release|x86
		{4B29E491-385A-4146-B067-833635044879}.Release|x86.Build.0 = Release|x86
		{1F3B90C1-71E5-4643-AA9F-5620988C1908}.Debug|x86.ActiveCfg = Debug|x86
		{1F3B90C1-71E5-4643-AA9F-5620988C1908}.Debug|x86.Build.0 = Debug|x86
		{1F3B90C1-71E5-4643-AA9F-5620988C1908}.Release|x86.ActiveCfg = Release|x86
		{1F3B90C1-71E5-4643-AA9F-5620988C1908}.Release|x86.Build.0 = Release|x86
		{54BFF46A-F103-4710-8167-D45B5FB21ED5}.Debug|x86.ActiveCfg = Debug|x86
		{54BFF46A-F103-4710-8167-D45B5FB21ED5}.Debug|x86.Build.0 = Debug|x86
		{54BFF46A-F103-4710-8167-D45B5FB21ED5}.Release|x86.ActiveCfg = Release|x86
		{54BFF46A-F103-4710-8167-D45B5FB21ED5}.Release|x86.Build.0 = Release|x86
		{3A514F72-C50E-4ABC-9A22-B598AA2EFD1E}.Debug|x86.ActiveCfg = Debug|x86
		{3A514F72-C50E-4ABC-9A22-B598AA2EFD1E}.Debug|x86.Build.0 = Debug|x86
		{3A514F72-C50E-4ABC-9A22-B598AA2EFD1E}.Release|x86.ActiveCfg = Release|x86
		{3A514F72-C50E-4ABC-9A22-B598AA2EFD1E}.Release|x86.Build.0 = Release|x86
		{930260A6-53D5-47B6-89B1-4466651BC48E}.Debug|x86.ActiveCfg = Debug|x86
		{930260A6-53D5-47B6-89B1-4466651BC48E}.Debug|x86.Build.0 = Debug|x86
		{930260A6-53D5-47B6-89B1-4466651BC48E}.Release|x86.ActiveCfg = Release|x86
		{930260A6-53D5-47B6-89B1-4466651BC48E}.Release|x86.Build.0 = Release|x86
		{F0864F7F-EBE8-46DF-B53D-24B3E31CA9A4}.Debug|x86.ActiveCfg = Debug|x86
		{F0864F7F-EBE8-46DF-B53D-24B3E31CA9A4}.Debug|x86.Build.0 = Debug|x86
		{F0864F7F-EBE8-46DF-B53D-24B3E31CA9A4}.Release|x86.ActiveCfg = Release|x86
		{F0864F7F-EBE8-46DF-B53D-24B3E31CA9A4}.Release|x86.Build.0 = Release|x86
		{FF722EBB-42A8-425E-ACB7-C8B4883078E3}.Debug|x86.ActiveCfg = Debug|x86
		{FF722EBB-42A8-425E-ACB7-C8B4883078E3}.Debug|x86.Build.0 = Debug|x86
		{FF722EBB-42A8-425E-ACB7-C8B4883078E3}.Release|x86.ActiveCfg = Release|x86
		{FF722EBB-42A8-425E-ACB7-C8B4883078E3}.Release|x86.Build.0 = Release|x86
		{44CD86CF-CE87-436A-A0C0-11829D7585C1}.Debug|x86.ActiveCfg = Debug|x86
		{44CD86CF-CE87-436A-A0C0-11829D7585C1}.Debug|x86.Build.0 = Debug|x86
		{44CD86CF-CE87-436A-A0C0-11829D7585C1}.Release|x86.ActiveCfg = Release|x86
		{44CD86CF-CE87-436A-A0C0-11829D7585C1}.Release|x86.Build.0 = Release|x86
		{7CA75AFD-9C39-42BE-AAE3-6678D3138581}.Debug|x86.ActiveCfg = Debug|x86
		{7CA75AFD-9C39-42BE-AAE3-6678D3138581}.Debug|x86.Build.0 = Debug|x86
		{7CA75AFD-9C39-42BE-AAE3-6678D3138581}.Release|x86.ActiveCfg = Release|x86
		{7CA75AFD-9C39-42BE-AAE3-6678D3138581}.Release|x86.Build.0 = Release|x86
		{872B8716-9995-4545-B575-F81717E2A1B9}.Debug|x86.ActiveCfg = Debug|x86
		{872B8716-9995-4545-B575-F81717E2A1B9}.Debug|x86.Build.0 = Debug|x86
		{872B8716-9995-4545-B575-F81717E2A1B9}.Release|x86.ActiveCfg = Release|x86
		{872B8716-9995-4545-B575-F81717E2A1B9}.Release|x86.Build.0 = Release|x86
		{33CD17C1-7443-4828-8038-C273FC7FEA9D}.Debug|x86.ActiveCfg = Debug|x86
		{33CD17C1-7443-4828-8038-C273FC7FEA9D}.Debug|x86.Build.0 = Debug|x86
		{33CD17C1-7443-4828-8038-C273FC7FEA9D}.Release|x86.ActiveCfg = Release|x86
		{33CD17C1-7443-4828-8038-C273FC7FEA9D}.Release|x86.Build.0 = Release|x86
		{A3A80079-FB2E-476D-BBCC-61DE62D5EABA}.Debug|x86.ActiveCfg = Debug|x86
		{A3A80079-FB2E-476D-BBCC-61DE62D5EABA}.Debug|x86.Build.0 = Debug|x86
		{A3A80079-FB2E-476D-BBCC-61DE62D5EABA}.Release|x86.ActiveCfg = Release|x86
		{A3A80079-FB2E-476D-BBCC-61DE62D5EABA}.Release|x86.Build.0 = Release|x86
		{825C7748-7F95-4474-B2E8-3AF065C0FD7F}.Debug|x86.ActiveCfg = Debug|x86
		{825C7748-7F95-4474-B2E8-3AF065C0FD7F}.Debug|x86.Build.0 = Debug|x86
		{825C7748-7F95-4474-B2E8-3AF065C0FD7F}.Release|x86.ActiveCfg = Release|x86
		{825C7748-7F95-4474-B2E8-3AF065C0FD7F}.Release|x86.Build.0 = Release|x86
		{DC4F7B4B-4D40-4D53-B94E-6A7AA9194D04}.Debug|x86.ActiveCfg = Debug|x86
		{DC4F7B4B-4D40-4D53-B94E-6A7AA9194D04}.Debug|x86.Build.0 = Debug|x86
		{DC4F7B4B-4D40-4D53-B94E-6A7AA9194D04}.Release|x86.ActiveCfg = Release|x86
		{DC4F7B4B-4D40-4D53-B94E-6A7AA9194D04}.Release|x86.Build.0 = Release|x86
		{F8FCBB0C-6F96-4FB9-89B7-30DD35448981}.Debug|x86.ActiveCfg = Debug|x86
		{F8FCBB0C-6F96-4FB9-89B7-30DD35448981}.Debug|x86.Build.0 = Debug|x86
		{F8FCBB0C-6F96-4FB9-89B7-30DD35448981}.Release|x86.ActiveCfg = Release|x86
		{F8FCBB0C-6F96-4FB9-89B7-30DD35448981}.Release|x86.Build.0 = Release|x86
	EndGlobalSection
EndGlobal
