
Microsoft Visual Studio Solution File, Format Version 12.00
# Visual Studio 2012
Project("{FAE04EC0-301F-11D3-BF4B-00C04F79EFBC}") = "BinaryGap", "BinaryGap\BinaryGap.csproj", "{0FDADF58-0526-41E1-A5BB-68458BC6EDEF}"
EndProject
Project("{FAE04EC0-301F-11D3-BF4B-00C04F79EFBC}") = "CyclicRotation", "CyclicRotation\CyclicRotation.csproj", "{A407CFDB-A139-4EDE-A5AD-864832DD7E91}"
EndProject
Project("{FAE04EC0-301F-11D3-BF4B-00C04F79EFBC}") = "OddOccurrencesInArray", "OddOccurrencesInArray\OddOccurrencesInArray.csproj", "{68EFA70C-C97F-44CA-9E1C-C0C40E1356BC}"
EndProject
Project("{FAE04EC0-301F-11D3-BF4B-00C04F79EFBC}") = "FrogJmp", "FrogJmp\FrogJmp.csproj", "{EBD2CE0B-A9FA-459E-AF70-469359BE41CD}"
EndProject
Project("{FAE04EC0-301F-11D3-BF4B-00C04F79EFBC}") = "PermMissingElem", "PermMissingElem\PermMissingElem.csproj", "{F0EA59B8-8F4B-455B-BA8E-8C81561BBC6D}"
EndProject
Project("{FAE04EC0-301F-11D3-BF4B-00C04F79EFBC}") = "TapeEquilibrium", "TapeEquilibrium\TapeEquilibrium.csproj", "{4B29E491-385A-4146-B067-833635044879}"
EndProject
Global
	GlobalSection(SolutionConfigurationPlatforms) = preSolution
		Debug|x86 = Debug|x86
		Release|x86 = Release|x86
	EndGlobalSection
	GlobalSection(ProjectConfigurationPlatforms) = postSolution
		{0FDADF58-0526-41E1-A5BB-68458BC6EDEF}.Debug|x86.ActiveCfg = Debug|x86
		{0FDADF58-0526-41E1-A5BB-68458BC6EDEF}.Debug|x86.Build.0 = Debug|x86
		{0FDADF58-0526-41E1-A5BB-68458BC6EDEF}.Release|x86.ActiveCfg = Release|x86
		{0FDADF58-0526-41E1-A5BB-68458BC6EDEF}.Release|x86.Build.0 = Release|x86
		{A407CFDB-A139-4EDE-A5AD-864832DD7E91}.Debug|x86.ActiveCfg = Debug|x86
		{A407CFDB-A139-4EDE-A5AD-864832DD7E91}.Debug|x86.Build.0 = Debug|x86
		{A407CFDB-A139-4EDE-A5AD-864832DD7E91}.Release|x86.ActiveCfg = Release|x86
		{A407CFDB-A139-4EDE-A5AD-864832DD7E91}.Release|x86.Build.0 = Release|x86
		{68EFA70C-C97F-44CA-9E1C-C0C40E1356BC}.Debug|x86.ActiveCfg = Debug|x86
		{68EFA70C-C97F-44CA-9E1C-C0C40E1356BC}.Debug|x86.Build.0 = Debug|x86
		{68EFA70C-C97F-44CA-9E1C-C0C40E1356BC}.Release|x86.ActiveCfg = Release|x86
		{68EFA70C-C97F-44CA-9E1C-C0C40E1356BC}.Release|x86.Build.0 = Release|x86
		{EBD2CE0B-A9FA-459E-AF70-469359BE41CD}.Debug|x86.ActiveCfg = Debug|x86
		{EBD2CE0B-A9FA-459E-AF70-469359BE41CD}.Debug|x86.Build.0 = Debug|x86
		{EBD2CE0B-A9FA-459E-AF70-469359BE41CD}.Release|x86.ActiveCfg = Release|x86
		{EBD2CE0B-A9FA-459E-AF70-469359BE41CD}.Release|x86.Build.0 = Release|x86
		{F0EA59B8-8F4B-455B-BA8E-8C81561BBC6D}.Debug|x86.ActiveCfg = Debug|x86
		{F0EA59B8-8F4B-455B-BA8E-8C81561BBC6D}.Debug|x86.Build.0 = Debug|x86
		{F0EA59B8-8F4B-455B-BA8E-8C81561BBC6D}.Release|x86.ActiveCfg = Release|x86
		{F0EA59B8-8F4B-455B-BA8E-8C81561BBC6D}.Release|x86.Build.0 = Release|x86
		{4B29E491-385A-4146-B067-833635044879}.Debug|x86.ActiveCfg = Debug|x86
		{4B29E491-385A-4146-B067-833635044879}.Debug|x86.Build.0 = Debug|x86
		{4B29E491-385A-4146-B067-833635044879}.Release|x86.ActiveCfg = Release|x86
		{4B29E491-385A-4146-B067-833635044879}.Release|x86.Build.0 = Release|x86
	EndGlobalSection
EndGlobal
